// !$*UTF8*$!
{
	archiveVersion = 1;
	classes = {
	};
	objectVersion = 46;
	objects = {

/* Begin PBXBuildFile section */
		9620A1351DBFF23400CF77E0 /* AppDelegate.swift in Sources */ = {isa = PBXBuildFile; fileRef = 9620A1341DBFF23400CF77E0 /* AppDelegate.swift */; };
		9620A1371DBFF23400CF77E0 /* ViewController.swift in Sources */ = {isa = PBXBuildFile; fileRef = 9620A1361DBFF23400CF77E0 /* ViewController.swift */; };
		9620A13A1DBFF23400CF77E0 /* Main.storyboard in Resources */ = {isa = PBXBuildFile; fileRef = 9620A1381DBFF23400CF77E0 /* Main.storyboard */; };
		9620A13C1DBFF23400CF77E0 /* Assets.xcassets in Resources */ = {isa = PBXBuildFile; fileRef = 9620A13B1DBFF23400CF77E0 /* Assets.xcassets */; };
		9620A13F1DBFF23400CF77E0 /* LaunchScreen.storyboard in Resources */ = {isa = PBXBuildFile; fileRef = 9620A13D1DBFF23400CF77E0 /* LaunchScreen.storyboard */; };
		9620A1471DBFF5BB00CF77E0 /* MusicTableViewController.swift in Sources */ = {isa = PBXBuildFile; fileRef = 9620A1461DBFF5BB00CF77E0 /* MusicTableViewController.swift */; };
		9620A14B1DC0051C00CF77E0 /* ContentProviderITunes.swift in Sources */ = {isa = PBXBuildFile; fileRef = 9620A1491DC0051C00CF77E0 /* ContentProviderITunes.swift */; };
		9620A14C1DC0051C00CF77E0 /* SongMediaCollection.swift in Sources */ = {isa = PBXBuildFile; fileRef = 9620A14A1DC0051C00CF77E0 /* SongMediaCollection.swift */; };
/* End PBXBuildFile section */

/* Begin PBXFileReference section */
		9620A1311DBFF23400CF77E0 /* iTunesSearch.app */ = {isa = PBXFileReference; explicitFileType = wrapper.application; includeInIndex = 0; path = iTunesSearch.app; sourceTree = BUILT_PRODUCTS_DIR; };
		9620A1341DBFF23400CF77E0 /* AppDelegate.swift */ = {isa = PBXFileReference; lastKnownFileType = sourcecode.swift; path = AppDelegate.swift; sourceTree = "<group>"; };
		9620A1361DBFF23400CF77E0 /* ViewController.swift */ = {isa = PBXFileReference; lastKnownFileType = sourcecode.swift; path = ViewController.swift; sourceTree = "<group>"; };
		9620A1391DBFF23400CF77E0 /* Base */ = {isa = PBXFileReference; lastKnownFileType = file.storyboard; name = Base; path = Base.lproj/Main.storyboard; sourceTree = "<group>"; };
		9620A13B1DBFF23400CF77E0 /* Assets.xcassets */ = {isa = PBXFileReference; lastKnownFileType = folder.assetcatalog; path = Assets.xcassets; sourceTree = "<group>"; };
		9620A13E1DBFF23400CF77E0 /* Base */ = {isa = PBXFileReference; lastKnownFileType = file.storyboard; name = Base; path = Base.lproj/LaunchScreen.storyboard; sourceTree = "<group>"; };
		9620A1401DBFF23400CF77E0 /* Info.plist */ = {isa = PBXFileReference; lastKnownFileType = text.plist.xml; path = Info.plist; sourceTree = "<group>"; };
		9620A1461DBFF5BB00CF77E0 /* MusicTableViewController.swift */ = {isa = PBXFileReference; fileEncoding = 4; lastKnownFileType = sourcecode.swift; path = MusicTableViewController.swift; sourceTree = "<group>"; };
		9620A1481DBFFCFA00CF77E0 /* MyPlayground.playground */ = {isa = PBXFileReference; lastKnownFileType = file.playground; path = MyPlayground.playground; sourceTree = "<group>"; };
		9620A1491DC0051C00CF77E0 /* ContentProviderITunes.swift */ = {isa = PBXFileReference; fileEncoding = 4; lastKnownFileType = sourcecode.swift; path = ContentProviderITunes.swift; sourceTree = "<group>"; };
		9620A14A1DC0051C00CF77E0 /* SongMediaCollection.swift */ = {isa = PBXFileReference; fileEncoding = 4; lastKnownFileType = sourcecode.swift; path = SongMediaCollection.swift; sourceTree = "<group>"; };
/* End PBXFileReference section */

/* Begin PBXFrameworksBuildPhase section */
		9620A12E1DBFF23400CF77E0 /* Frameworks */ = {
			isa = PBXFrameworksBuildPhase;
			buildActionMask = 2147483647;
			files = (
			);
			runOnlyForDeploymentPostprocessing = 0;
		};
/* End PBXFrameworksBuildPhase section */

/* Begin PBXGroup section */
		9620A1281DBFF23400CF77E0 = {
			isa = PBXGroup;
			children = (
				9620A1331DBFF23400CF77E0 /* iTunesSearch */,
				9620A1321DBFF23400CF77E0 /* Products */,
			);
			sourceTree = "<group>";
		};
		9620A1321DBFF23400CF77E0 /* Products */ = {
			isa = PBXGroup;
			children = (
				9620A1311DBFF23400CF77E0 /* iTunesSearch.app */,
			);
			name = Products;
			sourceTree = "<group>";
		};
		9620A1331DBFF23400CF77E0 /* iTunesSearch */ = {
			isa = PBXGroup;
			children = (
				9620A1491DC0051C00CF77E0 /* ContentProviderITunes.swift */,
				9620A14A1DC0051C00CF77E0 /* SongMediaCollection.swift */,
				9620A1341DBFF23400CF77E0 /* AppDelegate.swift */,
				9620A1361DBFF23400CF77E0 /* ViewController.swift */,
				9620A1381DBFF23400CF77E0 /* Main.storyboard */,
				9620A1461DBFF5BB00CF77E0 /* MusicTableViewController.swift */,
				9620A1481DBFFCFA00CF77E0 /* MyPlayground.playground */,
				9620A13B1DBFF23400CF77E0 /* Assets.xcassets */,
				9620A13D1DBFF23400CF77E0 /* LaunchScreen.storyboard */,
				9620A1401DBFF23400CF77E0 /* Info.plist */,
			);
			path = iTunesSearch;
			sourceTree = "<group>";
		};
/* End PBXGroup section */

/* Begin PBXNativeTarget section */
		9620A1301DBFF23400CF77E0 /* iTunesSearch */ = {
			isa = PBXNativeTarget;
			buildConfigurationList = 9620A1431DBFF23400CF77E0 /* Build configuration list for PBXNativeTarget "iTunesSearch" */;
			buildPhases = (
				9620A12D1DBFF23400CF77E0 /* Sources */,
				9620A12E1DBFF23400CF77E0 /* Frameworks */,
				9620A12F1DBFF23400CF77E0 /* Resources */,
			);
			buildRules = (
			);
			dependencies = (
			);
			name = iTunesSearch;
			productName = iTunesSearch;
			productReference = 9620A1311DBFF23400CF77E0 /* iTunesSearch.app */;
			productType = "com.apple.product-type.application";
		};
/* End PBXNativeTarget section */

/* Begin PBXProject section */
		9620A1291DBFF23400CF77E0 /* Project object */ = {
			isa = PBXProject;
			attributes = {
				LastSwiftUpdateCheck = 0800;
				LastUpgradeCheck = 0800;
				ORGANIZATIONNAME = Apple;
				TargetAttributes = {
					9620A1301DBFF23400CF77E0 = {
						CreatedOnToolsVersion = 8.0;
						ProvisioningStyle = Automatic;
					};
				};
			};
			buildConfigurationList = 9620A12C1DBFF23400CF77E0 /* Build configuration list for PBXProject "iTunesSearch" */;
			compatibilityVersion = "Xcode 3.2";
			developmentRegion = English;
			hasScannedForEncodings = 0;
			knownRegions = (
				en,
				Base,
			);
			mainGroup = 9620A1281DBFF23400CF77E0;
			productRefGroup = 9620A1321DBFF23400CF77E0 /* Products */;
			projectDirPath = "";
			projectRoot = "";
			targets = (
				9620A1301DBFF23400CF77E0 /* iTunesSearch */,
			);
		};
/* End PBXProject section */

/* Begin PBXResourcesBuildPhase section */
		9620A12F1DBFF23400CF77E0 /* Resources */ = {
			isa = PBXResourcesBuildPhase;
			buildActionMask = 2147483647;
			files = (
				9620A13F1DBFF23400CF77E0 /* LaunchScreen.storyboard in Resources */,
				9620A13C1DBFF23400CF77E0 /* Assets.xcassets in Resources */,
				9620A13A1DBFF23400CF77E0 /* Main.storyboard in Resources */,
			);
			runOnlyForDeploymentPostprocessing = 0;
		};
/* End PBXResourcesBuildPhase section */

/* Begin PBXSourcesBuildPhase section */
		9620A12D1DBFF23400CF77E0 /* Sources */ = {
			isa = PBXSourcesBuildPhase;
			buildActionMask = 2147483647;
			files = (
				9620A14B1DC0051C00CF77E0 /* ContentProviderITunes.swift in Sources */,
				9620A1371DBFF23400CF77E0 /* ViewController.swift in Sources */,
				9620A1351DBFF23400CF77E0 /* AppDelegate.swift in Sources */,
				9620A14C1DC0051C00CF77E0 /* SongMediaCollection.swift in Sources */,
				9620A1471DBFF5BB00CF77E0 /* MusicTableViewController.swift in Sources */,
			);
			runOnlyForDeploymentPostprocessing = 0;
		};
/* End PBXSourcesBuildPhase section */

/* Begin PBXVariantGroup section */
		9620A1381DBFF23400CF77E0 /* Main.storyboard */ = {
			isa = PBXVariantGroup;
			children = (
				9620A1391DBFF23400CF77E0 /* Base */,
			);
			name = Main.storyboard;
			sourceTree = "<group>";
		};
		9620A13D1DBFF23400CF77E0 /* LaunchScreen.storyboard */ = {
			isa = PBXVariantGroup;
			children = (
				9620A13E1DBFF23400CF77E0 /* Base */,
			);
			name = LaunchScreen.storyboard;
			sourceTree = "<group>";
		};
/* End PBXVariantGroup section */

/* Begin XCBuildConfiguration section */
		9620A1411DBFF23400CF77E0 /* Debug */ = {
			isa = XCBuildConfiguration;
			buildSettings = {
				ALWAYS_SEARCH_USER_PATHS = NO;
				CLANG_ANALYZER_NONNULL = YES;
				CLANG_CXX_LANGUAGE_STANDARD = "gnu++0x";
				CLANG_CXX_LIBRARY = "libc++";
				CLANG_ENABLE_MODULES = YES;
				CLANG_ENABLE_OBJC_ARC = YES;
				CLANG_WARN_BOOL_CONVERSION = YES;
				CLANG_WARN_CONSTANT_CONVERSION = YES;
				CLANG_WARN_DIRECT_OBJC_ISA_USAGE = YES_ERROR;
				CLANG_WARN_DOCUMENTATION_COMMENTS = YES;
				CLANG_WARN_EMPTY_BODY = YES;
				CLANG_WARN_ENUM_CONVERSION = YES;
				CLANG_WARN_INFINITE_RECURSION = YES;
				CLANG_WARN_INT_CONVERSION = YES;
				CLANG_WARN_OBJC_ROOT_CLASS = YES_ERROR;
				CLANG_WARN_SUSPICIOUS_MOVES = YES;
				CLANG_WARN_UNREACHABLE_CODE = YES;
				CLANG_WARN__DUPLICATE_METHOD_MATCH = YES;
				"CODE_SIGN_IDENTITY[sdk=iphoneos*]" = "iPhone Developer";
				COPY_PHASE_STRIP = NO;
				DEBUG_INFORMATION_FORMAT = dwarf;
				ENABLE_STRICT_OBJC_MSGSEND = YES;
				ENABLE_TESTABILITY = YES;
				GCC_C_LANGUAGE_STANDARD = gnu99;
				GCC_DYNAMIC_NO_PIC = NO;
				GCC_NO_COMMON_BLOCKS = YES;
				GCC_OPTIMIZATION_LEVEL = 0;
				GCC_PREPROCESSOR_DEFINITIONS = (
					"DEBUG=1",
					"$(inherited)",
				);
				GCC_WARN_64_TO_32_BIT_CONVERSION = YES;
				GCC_WARN_ABOUT_RETURN_TYPE = YES_ERROR;
				GCC_WARN_UNDECLARED_SELECTOR = YES;
				GCC_WARN_UNINITIALIZED_AUTOS = YES_AGGRESSIVE;
				GCC_WARN_UNUSED_FUNCTION = YES;
				GCC_WARN_UNUSED_VARIABLE = YES;
				IPHONEOS_DEPLOYMENT_TARGET = 10.0;
				MTL_ENABLE_DEBUG_INFO = YES;
				ONLY_ACTIVE_ARCH = YES;
				SDKROOT = iphoneos;
				SWIFT_ACTIVE_COMPILATION_CONDITIONS = DEBUG;
				SWIFT_OPTIMIZATION_LEVEL = "-Onone";
				TARGETED_DEVICE_FAMILY = "1,2";
			};
			name = Debug;
		};
		9620A1421DBFF23400CF77E0 /* Release */ = {
			isa = XCBuildConfiguration;
			buildSettings = {
				ALWAYS_SEARCH_USER_PATHS = NO;
				CLANG_ANALYZER_NONNULL = YES;
				CLANG_CXX_LANGUAGE_STANDARD = "gnu++0x";
				CLANG_CXX_LIBRARY = "libc++";
				CLANG_ENABLE_MODULES = YES;
				CLANG_ENABLE_OBJC_ARC = YES;
				CLANG_WARN_BOOL_CONVERSION = YES;
				CLANG_WARN_CONSTANT_CONVERSION = YES;
				CLANG_WARN_DIRECT_OBJC_ISA_USAGE = YES_ERROR;
				CLANG_WARN_DOCUMENTATION_COMMENTS = YES;
				CLANG_WARN_EMPTY_BODY = YES;
				CLANG_WARN_ENUM_CONVERSION = YES;
				CLANG_WARN_INFINITE_RECURSION = YES;
				CLANG_WARN_INT_CONVERSION = YES;
				CLANG_WARN_OBJC_ROOT_CLASS = YES_ERROR;
				CLANG_WARN_SUSPICIOUS_MOVES = YES;
				CLANG_WARN_UNREACHABLE_CODE = YES;
				CLANG_WARN__DUPLICATE_METHOD_MATCH = YES;
				"CODE_SIGN_IDENTITY[sdk=iphoneos*]" = "iPhone Developer";
				COPY_PHASE_STRIP = NO;
				DEBUG_INFORMATION_FORMAT = "dwarf-with-dsym";
				ENABLE_NS_ASSERTIONS = NO;
				ENABLE_STRICT_OBJC_MSGSEND = YES;
				GCC_C_LANGUAGE_STANDARD = gnu99;
				GCC_NO_COMMON_BLOCKS = YES;
				GCC_WARN_64_TO_32_BIT_CONVERSION = YES;
				GCC_WARN_ABOUT_RETURN_TYPE = YES_ERROR;
				GCC_WARN_UNDECLARED_SELECTOR = YES;
				GCC_WARN_UNINITIALIZED_AUTOS = YES_AGGRESSIVE;
				GCC_WARN_UNUSED_FUNCTION = YES;
				GCC_WARN_UNUSED_VARIABLE = YES;
				IPHONEOS_DEPLOYMENT_TARGET = 10.0;
				MTL_ENABLE_DEBUG_INFO = NO;
				SDKROOT = iphoneos;
				SWIFT_OPTIMIZATION_LEVEL = "-Owholemodule";
				TARGETED_DEVICE_FAMILY = "1,2";
				VALIDATE_PRODUCT = YES;
			};
			name = Release;
		};
		9620A1441DBFF23400CF77E0 /* Debug */ = {
			isa = XCBuildConfiguration;
			buildSettings = {
				ASSETCATALOG_COMPILER_APPICON_NAME = AppIcon;
				INFOPLIST_FILE = iTunesSearch/Info.plist;
				LD_RUNPATH_SEARCH_PATHS = "$(inherited) @executable_path/Frameworks";
				PRODUCT_BUNDLE_IDENTIFIER = com.apple.iTunesSearch;
				PRODUCT_NAME = "$(TARGET_NAME)";
				SWIFT_VERSION = 3.0;
			};
			name = Debug;
		};
		9620A1451DBFF23400CF77E0 /* Release */ = {
			isa = XCBuildConfiguration;
			buildSettings = {
				ASSETCATALOG_COMPILER_APPICON_NAME = AppIcon;
				INFOPLIST_FILE = iTunesSearch/Info.plist;
				LD_RUNPATH_SEARCH_PATHS = "$(inherited) @executable_path/Frameworks";
				PRODUCT_BUNDLE_IDENTIFIER = com.apple.iTunesSearch;
				PRODUCT_NAME = "$(TARGET_NAME)";
				SWIFT_VERSION = 3.0;
			};
			name = Release;
		};
/* End XCBuildConfiguration section */

/* Begin XCConfigurationList section */
		9620A12C1DBFF23400CF77E0 /* Build configuration list for PBXProject "iTunesSearch" */ = {
			isa = XCConfigurationList;
			buildConfigurations = (
				9620A1411DBFF23400CF77E0 /* Debug */,
				9620A1421DBFF23400CF77E0 /* Release */,
			);
			defaultConfigurationIsVisible = 0;
			defaultConfigurationName = Release;
		};
		9620A1431DBFF23400CF77E0 /* Build configuration list for PBXNativeTarget "iTunesSearch" */ = {
			isa = XCConfigurationList;
			buildConfigurations = (
				9620A1441DBFF23400CF77E0 /* Debug */,
				9620A1451DBFF23400CF77E0 /* Release */,
			);
			defaultConfigurationIsVisible = 0;
		};
/* End XCConfigurationList section */
	};
	rootObject = 9620A1291DBFF23400CF77E0 /* Project object */;
}
